// !$*UTF8*$!
{
	archiveVersion = 1;
	classes = {
	};
	objectVersion = 56;
	objects = {

/* Begin PBXBuildFile section */
		B034FD962AC3902F0085A9D1 /* Launch Screen.storyboard in Resources */ = {isa = PBXBuildFile; fileRef = B034FD952AC3902F0085A9D1 /* Launch Screen.storyboard */; };
		B04C3EF82ABF94F00007286C /* GreetingsApp.swift in Sources */ = {isa = PBXBuildFile; fileRef = B04C3EF72ABF94F00007286C /* GreetingsApp.swift */; };
		B04C3EFA2ABF94F00007286C /* GreetingsView.swift in Sources */ = {isa = PBXBuildFile; fileRef = B04C3EF92ABF94F00007286C /* GreetingsView.swift */; };
		B04C3EFC2ABF94F10007286C /* Assets.xcassets in Resources */ = {isa = PBXBuildFile; fileRef = B04C3EFB2ABF94F10007286C /* Assets.xcassets */; };
		B04C3F002ABF94F10007286C /* Preview Assets.xcassets in Resources */ = {isa = PBXBuildFile; fileRef = B04C3EFF2ABF94F10007286C /* Preview Assets.xcassets */; };
		B04C3F072ABFAC940007286C /* TextView.swift in Sources */ = {isa = PBXBuildFile; fileRef = B04C3F062ABFAC940007286C /* TextView.swift */; };
		B04C3F092ABFB0580007286C /* DataItemModel.swift in Sources */ = {isa = PBXBuildFile; fileRef = B04C3F082ABFB0580007286C /* DataItemModel.swift */; };
		B04C3F0B2AC1051A0007286C /* TitleView.swift in Sources */ = {isa = PBXBuildFile; fileRef = B04C3F0A2AC1051A0007286C /* TitleView.swift */; };
		B04C3F0D2AC105B40007286C /* MessagesView.swift in Sources */ = {isa = PBXBuildFile; fileRef = B04C3F0C2AC105B40007286C /* MessagesView.swift */; };
		B04C3F0F2AC107630007286C /* BackgroundView.swift in Sources */ = {isa = PBXBuildFile; fileRef = B04C3F0E2AC107630007286C /* BackgroundView.swift */; };
		B04C3F132AC37CE40007286C /* Colorful circle 180.png in Resources */ = {isa = PBXBuildFile; fileRef = B04C3F112AC37CE30007286C /* Colorful circle 180.png */; };
		B04C3F142AC37CE40007286C /* Colorful circle 120.png in Resources */ = {isa = PBXBuildFile; fileRef = B04C3F122AC37CE40007286C /* Colorful circle 120.png */; };
		B0E7B05F2AC54D1C00F51D89 /* Localizable.xcstrings in Resources */ = {isa = PBXBuildFile; fileRef = B0E7B05E2AC54D1C00F51D89 /* Localizable.xcstrings */; };
		B0E7B0632AC6357100F51D89 /* LandscapeGreetingsView.swift in Sources */ = {isa = PBXBuildFile; fileRef = B0E7B0622AC6357100F51D89 /* LandscapeGreetingsView.swift */; };
		B0E7B0652AC64D3100F51D89 /* GreetingsTextView.swift in Sources */ = {isa = PBXBuildFile; fileRef = B0E7B0642AC64D3100F51D89 /* GreetingsTextView.swift */; };
		B0E7B0672AC64F8C00F51D89 /* RotatableCircleView.swift in Sources */ = {isa = PBXBuildFile; fileRef = B0E7B0662AC64F8C00F51D89 /* RotatableCircleView.swift */; };
		B0E7B0692AC6507800F51D89 /* VerticalTitleView.swift in Sources */ = {isa = PBXBuildFile; fileRef = B0E7B0682AC6507800F51D89 /* VerticalTitleView.swift */; };
		B0E7B06B2AC6543300F51D89 /* MainView.swift in Sources */ = {isa = PBXBuildFile; fileRef = B0E7B06A2AC6543300F51D89 /* MainView.swift */; };
		B0E7B06D2AC671D000F51D89 /* LanguageOptionsView.swift in Sources */ = {isa = PBXBuildFile; fileRef = B0E7B06C2AC671D000F51D89 /* LanguageOptionsView.swift */; };
		B0E7B06F2AC6723D00F51D89 /* Constants.swift in Sources */ = {isa = PBXBuildFile; fileRef = B0E7B06E2AC6723D00F51D89 /* Constants.swift */; };
		B0E7B0722AC7C0F600F51D89 /* GreetingsTip.swift in Sources */ = {isa = PBXBuildFile; fileRef = B0E7B0712AC7C0F600F51D89 /* GreetingsTip.swift */; };
/* End PBXBuildFile section */

/* Begin PBXFileReference section */
		B034FD952AC3902F0085A9D1 /* Launch Screen.storyboard */ = {isa = PBXFileReference; lastKnownFileType = file.storyboard; path = "Launch Screen.storyboard"; sourceTree = "<group>"; };
		B04C3EF42ABF94F00007286C /* Greetings.app */ = {isa = PBXFileReference; explicitFileType = wrapper.application; includeInIndex = 0; path = Greetings.app; sourceTree = BUILT_PRODUCTS_DIR; };
		B04C3EF72ABF94F00007286C /* GreetingsApp.swift */ = {isa = PBXFileReference; lastKnownFileType = sourcecode.swift; path = GreetingsApp.swift; sourceTree = "<group>"; };
		B04C3EF92ABF94F00007286C /* GreetingsView.swift */ = {isa = PBXFileReference; lastKnownFileType = sourcecode.swift; path = GreetingsView.swift; sourceTree = "<group>"; };
		B04C3EFB2ABF94F10007286C /* Assets.xcassets */ = {isa = PBXFileReference; lastKnownFileType = folder.assetcatalog; path = Assets.xcassets; sourceTree = "<group>"; };
		B04C3EFD2ABF94F10007286C /* Greetings.entitlements */ = {isa = PBXFileReference; lastKnownFileType = text.plist.entitlements; path = Greetings.entitlements; sourceTree = "<group>"; };
		B04C3EFF2ABF94F10007286C /* Preview Assets.xcassets */ = {isa = PBXFileReference; lastKnownFileType = folder.assetcatalog; path = "Preview Assets.xcassets"; sourceTree = "<group>"; };
		B04C3F062ABFAC940007286C /* TextView.swift */ = {isa = PBXFileReference; lastKnownFileType = sourcecode.swift; path = TextView.swift; sourceTree = "<group>"; };
		B04C3F082ABFB0580007286C /* DataItemModel.swift */ = {isa = PBXFileReference; lastKnownFileType = sourcecode.swift; path = DataItemModel.swift; sourceTree = "<group>"; };
		B04C3F0A2AC1051A0007286C /* TitleView.swift */ = {isa = PBXFileReference; lastKnownFileType = sourcecode.swift; path = TitleView.swift; sourceTree = "<group>"; };
		B04C3F0C2AC105B40007286C /* MessagesView.swift */ = {isa = PBXFileReference; lastKnownFileType = sourcecode.swift; path = MessagesView.swift; sourceTree = "<group>"; };
		B04C3F0E2AC107630007286C /* BackgroundView.swift */ = {isa = PBXFileReference; lastKnownFileType = sourcecode.swift; path = BackgroundView.swift; sourceTree = "<group>"; };
		B04C3F112AC37CE30007286C /* Colorful circle 180.png */ = {isa = PBXFileReference; lastKnownFileType = image.png; path = "Colorful circle 180.png"; sourceTree = "<group>"; };
		B04C3F122AC37CE40007286C /* Colorful circle 120.png */ = {isa = PBXFileReference; lastKnownFileType = image.png; path = "Colorful circle 120.png"; sourceTree = "<group>"; };
		B04C3F152AC37D630007286C /* Info.plist */ = {isa = PBXFileReference; lastKnownFileType = text.plist; path = Info.plist; sourceTree = "<group>"; };
		B0E7B05E2AC54D1C00F51D89 /* Localizable.xcstrings */ = {isa = PBXFileReference; lastKnownFileType = text.json.xcstrings; path = Localizable.xcstrings; sourceTree = "<group>"; };
		B0E7B0622AC6357100F51D89 /* LandscapeGreetingsView.swift */ = {isa = PBXFileReference; lastKnownFileType = sourcecode.swift; path = LandscapeGreetingsView.swift; sourceTree = "<group>"; };
		B0E7B0642AC64D3100F51D89 /* GreetingsTextView.swift */ = {isa = PBXFileReference; lastKnownFileType = sourcecode.swift; path = GreetingsTextView.swift; sourceTree = "<group>"; };
		B0E7B0662AC64F8C00F51D89 /* RotatableCircleView.swift */ = {isa = PBXFileReference; lastKnownFileType = sourcecode.swift; path = RotatableCircleView.swift; sourceTree = "<group>"; };
		B0E7B0682AC6507800F51D89 /* VerticalTitleView.swift */ = {isa = PBXFileReference; lastKnownFileType = sourcecode.swift; path = VerticalTitleView.swift; sourceTree = "<group>"; };
		B0E7B06A2AC6543300F51D89 /* MainView.swift */ = {isa = PBXFileReference; lastKnownFileType = sourcecode.swift; path = MainView.swift; sourceTree = "<group>"; };
		B0E7B06C2AC671D000F51D89 /* LanguageOptionsView.swift */ = {isa = PBXFileReference; lastKnownFileType = sourcecode.swift; path = LanguageOptionsView.swift; sourceTree = "<group>"; };
		B0E7B06E2AC6723D00F51D89 /* Constants.swift */ = {isa = PBXFileReference; lastKnownFileType = sourcecode.swift; path = Constants.swift; sourceTree = "<group>"; };
		B0E7B0712AC7C0F600F51D89 /* GreetingsTip.swift */ = {isa = PBXFileReference; lastKnownFileType = sourcecode.swift; path = GreetingsTip.swift; sourceTree = "<group>"; };
/* End PBXFileReference section */

/* Begin PBXFrameworksBuildPhase section */
		B04C3EF12ABF94F00007286C /* Frameworks */ = {
			isa = PBXFrameworksBuildPhase;
			buildActionMask = 2147483647;
			files = (
			);
			runOnlyForDeploymentPostprocessing = 0;
		};
/* End PBXFrameworksBuildPhase section */

/* Begin PBXGroup section */
		B04C3EEB2ABF94F00007286C = {
			isa = PBXGroup;
			children = (
				B04C3EF62ABF94F00007286C /* Greetings */,
				B04C3EF52ABF94F00007286C /* Products */,
			);
			sourceTree = "<group>";
		};
		B04C3EF52ABF94F00007286C /* Products */ = {
			isa = PBXGroup;
			children = (
				B04C3EF42ABF94F00007286C /* Greetings.app */,
			);
			name = Products;
			sourceTree = "<group>";
		};
		B04C3EF62ABF94F00007286C /* Greetings */ = {
			isa = PBXGroup;
			children = (
				B0E7B0702AC7C08D00F51D89 /* Tips */,
				B0E7B0612AC633C400F51D89 /* Views */,
				B0E7B0602AC633A100F51D89 /* Models */,
				B04C3F152AC37D630007286C /* Info.plist */,
				B04C3F102AC37C5F0007286C /* Assets */,
				B04C3EF72ABF94F00007286C /* GreetingsApp.swift */,
				B0E7B05E2AC54D1C00F51D89 /* Localizable.xcstrings */,
				B034FD952AC3902F0085A9D1 /* Launch Screen.storyboard */,
				B04C3EFB2ABF94F10007286C /* Assets.xcassets */,
				B04C3EFD2ABF94F10007286C /* Greetings.entitlements */,
				B04C3EFE2ABF94F10007286C /* Preview Content */,
				B0E7B06E2AC6723D00F51D89 /* Constants.swift */,
			);
			path = Greetings;
			sourceTree = "<group>";
		};
		B04C3EFE2ABF94F10007286C /* Preview Content */ = {
			isa = PBXGroup;
			children = (
				B04C3EFF2ABF94F10007286C /* Preview Assets.xcassets */,
			);
			path = "Preview Content";
			sourceTree = "<group>";
		};
		B04C3F102AC37C5F0007286C /* Assets */ = {
			isa = PBXGroup;
			children = (
				B04C3F122AC37CE40007286C /* Colorful circle 120.png */,
				B04C3F112AC37CE30007286C /* Colorful circle 180.png */,
			);
			path = Assets;
			sourceTree = "<group>";
		};
		B0E7B0602AC633A100F51D89 /* Models */ = {
			isa = PBXGroup;
			children = (
				B04C3F082ABFB0580007286C /* DataItemModel.swift */,
			);
			path = Models;
			sourceTree = "<group>";
		};
		B0E7B0612AC633C400F51D89 /* Views */ = {
			isa = PBXGroup;
			children = (
				B04C3EF92ABF94F00007286C /* GreetingsView.swift */,
				B0E7B06A2AC6543300F51D89 /* MainView.swift */,
				B04C3F0E2AC107630007286C /* BackgroundView.swift */,
				B04C3F0C2AC105B40007286C /* MessagesView.swift */,
				B04C3F0A2AC1051A0007286C /* TitleView.swift */,
				B0E7B0682AC6507800F51D89 /* VerticalTitleView.swift */,
				B04C3F062ABFAC940007286C /* TextView.swift */,
				B0E7B0622AC6357100F51D89 /* LandscapeGreetingsView.swift */,
				B0E7B0642AC64D3100F51D89 /* GreetingsTextView.swift */,
				B0E7B0662AC64F8C00F51D89 /* RotatableCircleView.swift */,
				B0E7B06C2AC671D000F51D89 /* LanguageOptionsView.swift */,
			);
			path = Views;
			sourceTree = "<group>";
		};
		B0E7B0702AC7C08D00F51D89 /* Tips */ = {
			isa = PBXGroup;
			children = (
				B0E7B0712AC7C0F600F51D89 /* GreetingsTip.swift */,
			);
			path = Tips;
			sourceTree = "<group>";
		};
/* End PBXGroup section */

/* Begin PBXNativeTarget section */
		B04C3EF32ABF94F00007286C /* Greetings */ = {
			isa = PBXNativeTarget;
			buildConfigurationList = B04C3F032ABF94F10007286C /* Build configuration list for PBXNativeTarget "Greetings" */;
			buildPhases = (
				B04C3EF02ABF94F00007286C /* Sources */,
				B04C3EF12ABF94F00007286C /* Frameworks */,
				B04C3EF22ABF94F00007286C /* Resources */,
			);
			buildRules = (
			);
			dependencies = (
			);
			name = Greetings;
			productName = Greetings;
			productReference = B04C3EF42ABF94F00007286C /* Greetings.app */;
			productType = "com.apple.product-type.application";
		};
/* End PBXNativeTarget section */

/* Begin PBXProject section */
		B04C3EEC2ABF94F00007286C /* Project object */ = {
			isa = PBXProject;
			attributes = {
				BuildIndependentTargetsInParallel = 1;
				LastSwiftUpdateCheck = 1500;
				LastUpgradeCheck = 1500;
				TargetAttributes = {
					B04C3EF32ABF94F00007286C = {
						CreatedOnToolsVersion = 15.0;
					};
				};
			};
			buildConfigurationList = B04C3EEF2ABF94F00007286C /* Build configuration list for PBXProject "Greetings" */;
			compatibilityVersion = "Xcode 14.0";
			developmentRegion = en;
			hasScannedForEncodings = 0;
			knownRegions = (
				en,
				Base,
				es,
				ar,
			);
			mainGroup = B04C3EEB2ABF94F00007286C;
			productRefGroup = B04C3EF52ABF94F00007286C /* Products */;
			projectDirPath = "";
			projectRoot = "";
			targets = (
				B04C3EF32ABF94F00007286C /* Greetings */,
			);
		};
/* End PBXProject section */

/* Begin PBXResourcesBuildPhase section */
		B04C3EF22ABF94F00007286C /* Resources */ = {
			isa = PBXResourcesBuildPhase;
			buildActionMask = 2147483647;
			files = (
				B04C3F132AC37CE40007286C /* Colorful circle 180.png in Resources */,
				B04C3F142AC37CE40007286C /* Colorful circle 120.png in Resources */,
				B04C3F002ABF94F10007286C /* Preview Assets.xcassets in Resources */,
				B034FD962AC3902F0085A9D1 /* Launch Screen.storyboard in Resources */,
				B0E7B05F2AC54D1C00F51D89 /* Localizable.xcstrings in Resources */,
				B04C3EFC2ABF94F10007286C /* Assets.xcassets in Resources */,
			);
			runOnlyForDeploymentPostprocessing = 0;
		};
/* End PBXResourcesBuildPhase section */

/* Begin PBXSourcesBuildPhase section */
		B04C3EF02ABF94F00007286C /* Sources */ = {
			isa = PBXSourcesBuildPhase;
			buildActionMask = 2147483647;
			files = (
				B04C3F092ABFB0580007286C /* DataItemModel.swift in Sources */,
				B0E7B06B2AC6543300F51D89 /* MainView.swift in Sources */,
				B04C3F072ABFAC940007286C /* TextView.swift in Sources */,
				B0E7B0652AC64D3100F51D89 /* GreetingsTextView.swift in Sources */,
				B0E7B0672AC64F8C00F51D89 /* RotatableCircleView.swift in Sources */,
				B04C3F0D2AC105B40007286C /* MessagesView.swift in Sources */,
				B0E7B0722AC7C0F600F51D89 /* GreetingsTip.swift in Sources */,
				B04C3F0F2AC107630007286C /* BackgroundView.swift in Sources */,
				B04C3EFA2ABF94F00007286C /* GreetingsView.swift in Sources */,
				B0E7B0632AC6357100F51D89 /* LandscapeGreetingsView.swift in Sources */,
				B0E7B06D2AC671D000F51D89 /* LanguageOptionsView.swift in Sources */,
				B04C3EF82ABF94F00007286C /* GreetingsApp.swift in Sources */,
				B0E7B06F2AC6723D00F51D89 /* Constants.swift in Sources */,
				B0E7B0692AC6507800F51D89 /* VerticalTitleView.swift in Sources */,
				B04C3F0B2AC1051A0007286C /* TitleView.swift in Sources */,
			);
			runOnlyForDeploymentPostprocessing = 0;
		};
/* End PBXSourcesBuildPhase section */

/* Begin XCBuildConfiguration section */
		B04C3F012ABF94F10007286C /* Debug */ = {
			isa = XCBuildConfiguration;
			buildSettings = {
				ALWAYS_SEARCH_USER_PATHS = NO;
				ASSETCATALOG_COMPILER_GENERATE_SWIFT_ASSET_SYMBOL_EXTENSIONS = YES;
				CLANG_ANALYZER_NONNULL = YES;
				CLANG_ANALYZER_NUMBER_OBJECT_CONVERSION = YES_AGGRESSIVE;
				CLANG_CXX_LANGUAGE_STANDARD = "gnu++20";
				CLANG_ENABLE_MODULES = YES;
				CLANG_ENABLE_OBJC_ARC = YES;
				CLANG_ENABLE_OBJC_WEAK = YES;
				CLANG_WARN_BLOCK_CAPTURE_AUTORELEASING = YES;
				CLANG_WARN_BOOL_CONVERSION = YES;
				CLANG_WARN_COMMA = YES;
				CLANG_WARN_CONSTANT_CONVERSION = YES;
				CLANG_WARN_DEPRECATED_OBJC_IMPLEMENTATIONS = YES;
				CLANG_WARN_DIRECT_OBJC_ISA_USAGE = YES_ERROR;
				CLANG_WARN_DOCUMENTATION_COMMENTS = YES;
				CLANG_WARN_EMPTY_BODY = YES;
				CLANG_WARN_ENUM_CONVERSION = YES;
				CLANG_WARN_INFINITE_RECURSION = YES;
				CLANG_WARN_INT_CONVERSION = YES;
				CLANG_WARN_NON_LITERAL_NULL_CONVERSION = YES;
				CLANG_WARN_OBJC_IMPLICIT_RETAIN_SELF = YES;
				CLANG_WARN_OBJC_LITERAL_CONVERSION = YES;
				CLANG_WARN_OBJC_ROOT_CLASS = YES_ERROR;
				CLANG_WARN_QUOTED_INCLUDE_IN_FRAMEWORK_HEADER = YES;
				CLANG_WARN_RANGE_LOOP_ANALYSIS = YES;
				CLANG_WARN_STRICT_PROTOTYPES = YES;
				CLANG_WARN_SUSPICIOUS_MOVE = YES;
				CLANG_WARN_UNGUARDED_AVAILABILITY = YES_AGGRESSIVE;
				CLANG_WARN_UNREACHABLE_CODE = YES;
				CLANG_WARN__DUPLICATE_METHOD_MATCH = YES;
				COPY_PHASE_STRIP = NO;
				DEBUG_INFORMATION_FORMAT = dwarf;
				ENABLE_STRICT_OBJC_MSGSEND = YES;
				ENABLE_TESTABILITY = YES;
				ENABLE_USER_SCRIPT_SANDBOXING = YES;
				GCC_C_LANGUAGE_STANDARD = gnu17;
				GCC_DYNAMIC_NO_PIC = NO;
				GCC_NO_COMMON_BLOCKS = YES;
				GCC_OPTIMIZATION_LEVEL = 0;
				GCC_PREPROCESSOR_DEFINITIONS = (
					"DEBUG=1",
					"$(inherited)",
				);
				GCC_WARN_64_TO_32_BIT_CONVERSION = YES;
				GCC_WARN_ABOUT_RETURN_TYPE = YES_ERROR;
				GCC_WARN_UNDECLARED_SELECTOR = YES;
				GCC_WARN_UNINITIALIZED_AUTOS = YES_AGGRESSIVE;
				GCC_WARN_UNUSED_FUNCTION = YES;
				GCC_WARN_UNUSED_VARIABLE = YES;
				LOCALIZATION_PREFERS_STRING_CATALOGS = YES;
				MTL_ENABLE_DEBUG_INFO = INCLUDE_SOURCE;
				MTL_FAST_MATH = YES;
				ONLY_ACTIVE_ARCH = YES;
				SWIFT_ACTIVE_COMPILATION_CONDITIONS = "DEBUG $(inherited)";
				SWIFT_OPTIMIZATION_LEVEL = "-Onone";
			};
			name = Debug;
		};
		B04C3F022ABF94F10007286C /* Release */ = {
			isa = XCBuildConfiguration;
			buildSettings = {
				ALWAYS_SEARCH_USER_PATHS = NO;
				ASSETCATALOG_COMPILER_GENERATE_SWIFT_ASSET_SYMBOL_EXTENSIONS = YES;
				CLANG_ANALYZER_NONNULL = YES;
				CLANG_ANALYZER_NUMBER_OBJECT_CONVERSION = YES_AGGRESSIVE;
				CLANG_CXX_LANGUAGE_STANDARD = "gnu++20";
				CLANG_ENABLE_MODULES = YES;
				CLANG_ENABLE_OBJC_ARC = YES;
				CLANG_ENABLE_OBJC_WEAK = YES;
				CLANG_WARN_BLOCK_CAPTURE_AUTORELEASING = YES;
				CLANG_WARN_BOOL_CONVERSION = YES;
				CLANG_WARN_COMMA = YES;
				CLANG_WARN_CONSTANT_CONVERSION = YES;
				CLANG_WARN_DEPRECATED_OBJC_IMPLEMENTATIONS = YES;
				CLANG_WARN_DIRECT_OBJC_ISA_USAGE = YES_ERROR;
				CLANG_WARN_DOCUMENTATION_COMMENTS = YES;
				CLANG_WARN_EMPTY_BODY = YES;
				CLANG_WARN_ENUM_CONVERSION = YES;
				CLANG_WARN_INFINITE_RECURSION = YES;
				CLANG_WARN_INT_CONVERSION = YES;
				CLANG_WARN_NON_LITERAL_NULL_CONVERSION = YES;
				CLANG_WARN_OBJC_IMPLICIT_RETAIN_SELF = YES;
				CLANG_WARN_OBJC_LITERAL_CONVERSION = YES;
				CLANG_WARN_OBJC_ROOT_CLASS = YES_ERROR;
				CLANG_WARN_QUOTED_INCLUDE_IN_FRAMEWORK_HEADER = YES;
				CLANG_WARN_RANGE_LOOP_ANALYSIS = YES;
				CLANG_WARN_STRICT_PROTOTYPES = YES;
				CLANG_WARN_SUSPICIOUS_MOVE = YES;
				CLANG_WARN_UNGUARDED_AVAILABILITY = YES_AGGRESSIVE;
				CLANG_WARN_UNREACHABLE_CODE = YES;
				CLANG_WARN__DUPLICATE_METHOD_MATCH = YES;
				COPY_PHASE_STRIP = NO;
				DEBUG_INFORMATION_FORMAT = "dwarf-with-dsym";
				ENABLE_NS_ASSERTIONS = NO;
				ENABLE_STRICT_OBJC_MSGSEND = YES;
				ENABLE_USER_SCRIPT_SANDBOXING = YES;
				GCC_C_LANGUAGE_STANDARD = gnu17;
				GCC_NO_COMMON_BLOCKS = YES;
				GCC_WARN_64_TO_32_BIT_CONVERSION = YES;
				GCC_WARN_ABOUT_RETURN_TYPE = YES_ERROR;
				GCC_WARN_UNDECLARED_SELECTOR = YES;
				GCC_WARN_UNINITIALIZED_AUTOS = YES_AGGRESSIVE;
				GCC_WARN_UNUSED_FUNCTION = YES;
				GCC_WARN_UNUSED_VARIABLE = YES;
				LOCALIZATION_PREFERS_STRING_CATALOGS = YES;
				MTL_ENABLE_DEBUG_INFO = NO;
				MTL_FAST_MATH = YES;
				SWIFT_COMPILATION_MODE = wholemodule;
			};
			name = Release;
		};
		B04C3F042ABF94F10007286C /* Debug */ = {
			isa = XCBuildConfiguration;
			buildSettings = {
				ASSETCATALOG_COMPILER_APPICON_NAME = AppIcon;
				ASSETCATALOG_COMPILER_GLOBAL_ACCENT_COLOR_NAME = AccentColor;
				CODE_SIGN_ENTITLEMENTS = Greetings/Greetings.entitlements;
				CODE_SIGN_STYLE = Automatic;
				CURRENT_PROJECT_VERSION = 1;
				DEVELOPMENT_ASSET_PATHS = "\"Greetings/Preview Content\"";
				DEVELOPMENT_TEAM = FT2KD25D7H;
				ENABLE_HARDENED_RUNTIME = YES;
				ENABLE_PREVIEWS = YES;
				GENERATE_INFOPLIST_FILE = YES;
				INFOPLIST_FILE = Greetings/Info.plist;
				"INFOPLIST_KEY_UIApplicationSceneManifest_Generation[sdk=iphoneos*]" = YES;
				"INFOPLIST_KEY_UIApplicationSceneManifest_Generation[sdk=iphonesimulator*]" = YES;
				"INFOPLIST_KEY_UIApplicationSupportsIndirectInputEvents[sdk=iphoneos*]" = YES;
				"INFOPLIST_KEY_UIApplicationSupportsIndirectInputEvents[sdk=iphonesimulator*]" = YES;
				"INFOPLIST_KEY_UILaunchScreen_Generation[sdk=iphoneos*]" = YES;
				"INFOPLIST_KEY_UILaunchScreen_Generation[sdk=iphonesimulator*]" = YES;
				INFOPLIST_KEY_UILaunchStoryboardName = "Launch Screen.storyboard";
				"INFOPLIST_KEY_UIStatusBarStyle[sdk=iphoneos*]" = UIStatusBarStyleDefault;
				"INFOPLIST_KEY_UIStatusBarStyle[sdk=iphonesimulator*]" = UIStatusBarStyleDefault;
				INFOPLIST_KEY_UISupportedInterfaceOrientations_iPad = "UIInterfaceOrientationPortrait UIInterfaceOrientationPortraitUpsideDown UIInterfaceOrientationLandscapeLeft UIInterfaceOrientationLandscapeRight";
				INFOPLIST_KEY_UISupportedInterfaceOrientations_iPhone = "UIInterfaceOrientationPortrait UIInterfaceOrientationLandscapeLeft UIInterfaceOrientationLandscapeRight";
				IPHONEOS_DEPLOYMENT_TARGET = 17.0;
				LD_RUNPATH_SEARCH_PATHS = "@executable_path/Frameworks";
				"LD_RUNPATH_SEARCH_PATHS[sdk=macosx*]" = "@executable_path/../Frameworks";
				MACOSX_DEPLOYMENT_TARGET = 13.5;
				MARKETING_VERSION = 1.0;
				PRODUCT_BUNDLE_IDENTIFIER = com.chrismcanulty.Greetings;
				PRODUCT_NAME = "$(TARGET_NAME)";
				SDKROOT = auto;
				SUPPORTED_PLATFORMS = "iphoneos iphonesimulator macosx";
				SWIFT_EMIT_LOC_STRINGS = YES;
				SWIFT_VERSION = 5.0;
				TARGETED_DEVICE_FAMILY = "1,2";
			};
			name = Debug;
		};
		B04C3F052ABF94F10007286C /* Release */ = {
			isa = XCBuildConfiguration;
			buildSettings = {
				ASSETCATALOG_COMPILER_APPICON_NAME = AppIcon;
				ASSETCATALOG_COMPILER_GLOBAL_ACCENT_COLOR_NAME = AccentColor;
				CODE_SIGN_ENTITLEMENTS = Greetings/Greetings.entitlements;
				CODE_SIGN_STYLE = Automatic;
				CURRENT_PROJECT_VERSION = 1;
				DEVELOPMENT_ASSET_PATHS = "\"Greetings/Preview Content\"";
				DEVELOPMENT_TEAM = FT2KD25D7H;
				ENABLE_HARDENED_RUNTIME = YES;
				ENABLE_PREVIEWS = YES;
				GENERATE_INFOPLIST_FILE = YES;
				INFOPLIST_FILE = Greetings/Info.plist;
				"INFOPLIST_KEY_UIApplicationSceneManifest_Generation[sdk=iphoneos*]" = YES;
				"INFOPLIST_KEY_UIApplicationSceneManifest_Generation[sdk=iphonesimulator*]" = YES;
				"INFOPLIST_KEY_UIApplicationSupportsIndirectInputEvents[sdk=iphoneos*]" = YES;
				"INFOPLIST_KEY_UIApplicationSupportsIndirectInputEvents[sdk=iphonesimulator*]" = YES;
				"INFOPLIST_KEY_UILaunchScreen_Generation[sdk=iphoneos*]" = YES;
				"INFOPLIST_KEY_UILaunchScreen_Generation[sdk=iphonesimulator*]" = YES;
				INFOPLIST_KEY_UILaunchStoryboardName = "Launch Screen.storyboard";
				"INFOPLIST_KEY_UIStatusBarStyle[sdk=iphoneos*]" = UIStatusBarStyleDefault;
				"INFOPLIST_KEY_UIStatusBarStyle[sdk=iphonesimulator*]" = UIStatusBarStyleDefault;
				INFOPLIST_KEY_UISupportedInterfaceOrientations_iPad = "UIInterfaceOrientationPortrait UIInterfaceOrientationPortraitUpsideDown UIInterfaceOrientationLandscapeLeft UIInterfaceOrientationLandscapeRight";
				INFOPLIST_KEY_UISupportedInterfaceOrientations_iPhone = "UIInterfaceOrientationPortrait UIInterfaceOrientationLandscapeLeft UIInterfaceOrientationLandscapeRight";
				IPHONEOS_DEPLOYMENT_TARGET = 17.0;
				LD_RUNPATH_SEARCH_PATHS = "@executable_path/Frameworks";
				"LD_RUNPATH_SEARCH_PATHS[sdk=macosx*]" = "@executable_path/../Frameworks";
				MACOSX_DEPLOYMENT_TARGET = 13.5;
				MARKETING_VERSION = 1.0;
				PRODUCT_BUNDLE_IDENTIFIER = com.chrismcanulty.Greetings;
				PRODUCT_NAME = "$(TARGET_NAME)";
				SDKROOT = auto;
				SUPPORTED_PLATFORMS = "iphoneos iphonesimulator macosx";
				SWIFT_EMIT_LOC_STRINGS = YES;
				SWIFT_VERSION = 5.0;
				TARGETED_DEVICE_FAMILY = "1,2";
			};
			name = Release;
		};
/* End XCBuildConfiguration section */

/* Begin XCConfigurationList section */
		B04C3EEF2ABF94F00007286C /* Build configuration list for PBXProject "Greetings" */ = {
			isa = XCConfigurationList;
			buildConfigurations = (
				B04C3F012ABF94F10007286C /* Debug */,
				B04C3F022ABF94F10007286C /* Release */,
			);
			defaultConfigurationIsVisible = 0;
			defaultConfigurationName = Release;
		};
		B04C3F032ABF94F10007286C /* Build configuration list for PBXNativeTarget "Greetings" */ = {
			isa = XCConfigurationList;
			buildConfigurations = (
				B04C3F042ABF94F10007286C /* Debug */,
				B04C3F052ABF94F10007286C /* Release */,
			);
			defaultConfigurationIsVisible = 0;
			defaultConfigurationName = Release;
		};
/* End XCConfigurationList section */
	};
	rootObject = B04C3EEC2ABF94F00007286C /* Project object */;
}
